// !$*UTF8*$!
{
	archiveVersion = 1;
	classes = {
	};
	objectVersion = 56;
	objects = {

/* Begin PBXBuildFile section */
		475BE0722B691D5A00E9A6A9 /* AppDelegate.swift in Sources */ = {isa = PBXBuildFile; fileRef = 475BE0712B691D5A00E9A6A9 /* AppDelegate.swift */; };
		475BE0742B691D5A00E9A6A9 /* SceneDelegate.swift in Sources */ = {isa = PBXBuildFile; fileRef = 475BE0732B691D5A00E9A6A9 /* SceneDelegate.swift */; };
		475BE0762B691D5A00E9A6A9 /* ViewController.swift in Sources */ = {isa = PBXBuildFile; fileRef = 475BE0752B691D5A00E9A6A9 /* ViewController.swift */; };
		475BE07B2B691D5B00E9A6A9 /* Assets.xcassets in Resources */ = {isa = PBXBuildFile; fileRef = 475BE07A2B691D5B00E9A6A9 /* Assets.xcassets */; };
		475BE07E2B691D5B00E9A6A9 /* LaunchScreen.storyboard in Resources */ = {isa = PBXBuildFile; fileRef = 475BE07C2B691D5B00E9A6A9 /* LaunchScreen.storyboard */; };
		475BE0882B691EF000E9A6A9 /* MainTabBarController.swift in Sources */ = {isa = PBXBuildFile; fileRef = 475BE0872B691EF000E9A6A9 /* MainTabBarController.swift */; };
		475BE08C2B6924F300E9A6A9 /* UIStackView + Extension.swift in Sources */ = {isa = PBXBuildFile; fileRef = 475BE08B2B6924F300E9A6A9 /* UIStackView + Extension.swift */; };
		475BE08F2B692B9700E9A6A9 /* CollectionCell.swift in Sources */ = {isa = PBXBuildFile; fileRef = 475BE08E2B692B9700E9A6A9 /* CollectionCell.swift */; };
		4783DC9C2B6ABEF800227724 /* UILabel + Extension.swift in Sources */ = {isa = PBXBuildFile; fileRef = 4783DC9B2B6ABEF800227724 /* UILabel + Extension.swift */; };
		4783DC9E2B6AC32B00227724 /* UIView + Extension.swift in Sources */ = {isa = PBXBuildFile; fileRef = 4783DC9D2B6AC32B00227724 /* UIView + Extension.swift */; };
/* End PBXBuildFile section */

/* Begin PBXFileReference section */
		475BE06E2B691D5A00E9A6A9 /* My Spar.app */ = {isa = PBXFileReference; explicitFileType = wrapper.application; includeInIndex = 0; path = "My Spar.app"; sourceTree = BUILT_PRODUCTS_DIR; };
		475BE0712B691D5A00E9A6A9 /* AppDelegate.swift */ = {isa = PBXFileReference; lastKnownFileType = sourcecode.swift; path = AppDelegate.swift; sourceTree = "<group>"; };
		475BE0732B691D5A00E9A6A9 /* SceneDelegate.swift */ = {isa = PBXFileReference; lastKnownFileType = sourcecode.swift; path = SceneDelegate.swift; sourceTree = "<group>"; };
		475BE0752B691D5A00E9A6A9 /* ViewController.swift */ = {isa = PBXFileReference; lastKnownFileType = sourcecode.swift; path = ViewController.swift; sourceTree = "<group>"; };
		475BE07A2B691D5B00E9A6A9 /* Assets.xcassets */ = {isa = PBXFileReference; lastKnownFileType = folder.assetcatalog; path = Assets.xcassets; sourceTree = "<group>"; };
		475BE07D2B691D5B00E9A6A9 /* Base */ = {isa = PBXFileReference; lastKnownFileType = file.storyboard; name = Base; path = Base.lproj/LaunchScreen.storyboard; sourceTree = "<group>"; };
		475BE07F2B691D5B00E9A6A9 /* Info.plist */ = {isa = PBXFileReference; lastKnownFileType = text.plist.xml; path = Info.plist; sourceTree = "<group>"; };
		475BE0872B691EF000E9A6A9 /* MainTabBarController.swift */ = {isa = PBXFileReference; lastKnownFileType = sourcecode.swift; path = MainTabBarController.swift; sourceTree = "<group>"; };
		475BE08B2B6924F300E9A6A9 /* UIStackView + Extension.swift */ = {isa = PBXFileReference; fileEncoding = 4; lastKnownFileType = sourcecode.swift; path = "UIStackView + Extension.swift"; sourceTree = "<group>"; };
		475BE08E2B692B9700E9A6A9 /* CollectionCell.swift */ = {isa = PBXFileReference; lastKnownFileType = sourcecode.swift; path = CollectionCell.swift; sourceTree = "<group>"; };
		4783DC9B2B6ABEF800227724 /* UILabel + Extension.swift */ = {isa = PBXFileReference; fileEncoding = 4; lastKnownFileType = sourcecode.swift; path = "UILabel + Extension.swift"; sourceTree = "<group>"; };
		4783DC9D2B6AC32B00227724 /* UIView + Extension.swift */ = {isa = PBXFileReference; fileEncoding = 4; lastKnownFileType = sourcecode.swift; path = "UIView + Extension.swift"; sourceTree = "<group>"; };
/* End PBXFileReference section */

/* Begin PBXFrameworksBuildPhase section */
		475BE06B2B691D5A00E9A6A9 /* Frameworks */ = {
			isa = PBXFrameworksBuildPhase;
			buildActionMask = 2147483647;
			files = (
			);
			runOnlyForDeploymentPostprocessing = 0;
		};
/* End PBXFrameworksBuildPhase section */

/* Begin PBXGroup section */
		475BE0652B691D5A00E9A6A9 = {
			isa = PBXGroup;
			children = (
				475BE0702B691D5A00E9A6A9 /* My Spar */,
				475BE06F2B691D5A00E9A6A9 /* Products */,
			);
			sourceTree = "<group>";
		};
		475BE06F2B691D5A00E9A6A9 /* Products */ = {
			isa = PBXGroup;
			children = (
				475BE06E2B691D5A00E9A6A9 /* My Spar.app */,
			);
			name = Products;
			sourceTree = "<group>";
		};
		475BE0702B691D5A00E9A6A9 /* My Spar */ = {
			isa = PBXGroup;
			children = (
				475BE0852B691D9A00E9A6A9 /* Application */,
				475BE0892B691F0A00E9A6A9 /* Views */,
				475BE08D2B692B5D00E9A6A9 /* Cell */,
				475BE08A2B6924CC00E9A6A9 /* Extension */,
				475BE0862B691DA400E9A6A9 /* Resources */,
			);
			path = "My Spar";
			sourceTree = "<group>";
		};
		475BE0852B691D9A00E9A6A9 /* Application */ = {
			isa = PBXGroup;
			children = (
				475BE0712B691D5A00E9A6A9 /* AppDelegate.swift */,
				475BE0732B691D5A00E9A6A9 /* SceneDelegate.swift */,
			);
			path = Application;
			sourceTree = "<group>";
		};
		475BE0862B691DA400E9A6A9 /* Resources */ = {
			isa = PBXGroup;
			children = (
				475BE07A2B691D5B00E9A6A9 /* Assets.xcassets */,
				475BE07C2B691D5B00E9A6A9 /* LaunchScreen.storyboard */,
				475BE07F2B691D5B00E9A6A9 /* Info.plist */,
			);
			path = Resources;
			sourceTree = "<group>";
		};
		475BE0892B691F0A00E9A6A9 /* Views */ = {
			isa = PBXGroup;
			children = (
				475BE0872B691EF000E9A6A9 /* MainTabBarController.swift */,
				475BE0752B691D5A00E9A6A9 /* ViewController.swift */,
			);
			path = Views;
			sourceTree = "<group>";
		};
		475BE08A2B6924CC00E9A6A9 /* Extension */ = {
			isa = PBXGroup;
			children = (
				475BE08B2B6924F300E9A6A9 /* UIStackView + Extension.swift */,
				4783DC9B2B6ABEF800227724 /* UILabel + Extension.swift */,
				4783DC9D2B6AC32B00227724 /* UIView + Extension.swift */,
			);
			path = Extension;
			sourceTree = "<group>";
		};
		475BE08D2B692B5D00E9A6A9 /* Cell */ = {
			isa = PBXGroup;
			children = (
				475BE08E2B692B9700E9A6A9 /* CollectionCell.swift */,
			);
			path = Cell;
			sourceTree = "<group>";
		};
/* End PBXGroup section */

/* Begin PBXNativeTarget section */
		475BE06D2B691D5A00E9A6A9 /* My Spar */ = {
			isa = PBXNativeTarget;
			buildConfigurationList = 475BE0822B691D5B00E9A6A9 /* Build configuration list for PBXNativeTarget "My Spar" */;
			buildPhases = (
				475BE06A2B691D5A00E9A6A9 /* Sources */,
				475BE06B2B691D5A00E9A6A9 /* Frameworks */,
				475BE06C2B691D5A00E9A6A9 /* Resources */,
			);
			buildRules = (
			);
			dependencies = (
			);
			name = "My Spar";
			productName = "My Spar";
			productReference = 475BE06E2B691D5A00E9A6A9 /* My Spar.app */;
			productType = "com.apple.product-type.application";
		};
/* End PBXNativeTarget section */

/* Begin PBXProject section */
		475BE0662B691D5A00E9A6A9 /* Project object */ = {
			isa = PBXProject;
			attributes = {
				BuildIndependentTargetsInParallel = 1;
				LastSwiftUpdateCheck = 1510;
				LastUpgradeCheck = 1510;
				TargetAttributes = {
					475BE06D2B691D5A00E9A6A9 = {
						CreatedOnToolsVersion = 15.1;
					};
				};
			};
			buildConfigurationList = 475BE0692B691D5A00E9A6A9 /* Build configuration list for PBXProject "My Spar" */;
			compatibilityVersion = "Xcode 14.0";
			developmentRegion = en;
			hasScannedForEncodings = 0;
			knownRegions = (
				en,
				Base,
			);
			mainGroup = 475BE0652B691D5A00E9A6A9;
			productRefGroup = 475BE06F2B691D5A00E9A6A9 /* Products */;
			projectDirPath = "";
			projectRoot = "";
			targets = (
				475BE06D2B691D5A00E9A6A9 /* My Spar */,
			);
		};
/* End PBXProject section */

/* Begin PBXResourcesBuildPhase section */
		475BE06C2B691D5A00E9A6A9 /* Resources */ = {
			isa = PBXResourcesBuildPhase;
			buildActionMask = 2147483647;
			files = (
				475BE07E2B691D5B00E9A6A9 /* LaunchScreen.storyboard in Resources */,
				475BE07B2B691D5B00E9A6A9 /* Assets.xcassets in Resources */,
			);
			runOnlyForDeploymentPostprocessing = 0;
		};
/* End PBXResourcesBuildPhase section */

/* Begin PBXSourcesBuildPhase section */
		475BE06A2B691D5A00E9A6A9 /* Sources */ = {
			isa = PBXSourcesBuildPhase;
			buildActionMask = 2147483647;
			files = (
				475BE0762B691D5A00E9A6A9 /* ViewController.swift in Sources */,
				475BE0722B691D5A00E9A6A9 /* AppDelegate.swift in Sources */,
				4783DC9C2B6ABEF800227724 /* UILabel + Extension.swift in Sources */,
				475BE0882B691EF000E9A6A9 /* MainTabBarController.swift in Sources */,
				475BE08C2B6924F300E9A6A9 /* UIStackView + Extension.swift in Sources */,
				475BE0742B691D5A00E9A6A9 /* SceneDelegate.swift in Sources */,
				475BE08F2B692B9700E9A6A9 /* CollectionCell.swift in Sources */,
				4783DC9E2B6AC32B00227724 /* UIView + Extension.swift in Sources */,
			);
			runOnlyForDeploymentPostprocessing = 0;
		};
/* End PBXSourcesBuildPhase section */

/* Begin PBXVariantGroup section */
		475BE07C2B691D5B00E9A6A9 /* LaunchScreen.storyboard */ = {
			isa = PBXVariantGroup;
			children = (
				475BE07D2B691D5B00E9A6A9 /* Base */,
			);
			name = LaunchScreen.storyboard;
			sourceTree = "<group>";
		};
/* End PBXVariantGroup section */

/* Begin XCBuildConfiguration section */
		475BE0802B691D5B00E9A6A9 /* Debug */ = {
			isa = XCBuildConfiguration;
			buildSettings = {
				ALWAYS_SEARCH_USER_PATHS = NO;
				ASSETCATALOG_COMPILER_GENERATE_SWIFT_ASSET_SYMBOL_EXTENSIONS = YES;
				CLANG_ANALYZER_NONNULL = YES;
				CLANG_ANALYZER_NUMBER_OBJECT_CONVERSION = YES_AGGRESSIVE;
				CLANG_CXX_LANGUAGE_STANDARD = "gnu++20";
				CLANG_ENABLE_MODULES = YES;
				CLANG_ENABLE_OBJC_ARC = YES;
				CLANG_ENABLE_OBJC_WEAK = YES;
				CLANG_WARN_BLOCK_CAPTURE_AUTORELEASING = YES;
				CLANG_WARN_BOOL_CONVERSION = YES;
				CLANG_WARN_COMMA = YES;
				CLANG_WARN_CONSTANT_CONVERSION = YES;
				CLANG_WARN_DEPRECATED_OBJC_IMPLEMENTATIONS = YES;
				CLANG_WARN_DIRECT_OBJC_ISA_USAGE = YES_ERROR;
				CLANG_WARN_DOCUMENTATION_COMMENTS = YES;
				CLANG_WARN_EMPTY_BODY = YES;
				CLANG_WARN_ENUM_CONVERSION = YES;
				CLANG_WARN_INFINITE_RECURSION = YES;
				CLANG_WARN_INT_CONVERSION = YES;
				CLANG_WARN_NON_LITERAL_NULL_CONVERSION = YES;
				CLANG_WARN_OBJC_IMPLICIT_RETAIN_SELF = YES;
				CLANG_WARN_OBJC_LITERAL_CONVERSION = YES;
				CLANG_WARN_OBJC_ROOT_CLASS = YES_ERROR;
				CLANG_WARN_QUOTED_INCLUDE_IN_FRAMEWORK_HEADER = YES;
				CLANG_WARN_RANGE_LOOP_ANALYSIS = YES;
				CLANG_WARN_STRICT_PROTOTYPES = YES;
				CLANG_WARN_SUSPICIOUS_MOVE = YES;
				CLANG_WARN_UNGUARDED_AVAILABILITY = YES_AGGRESSIVE;
				CLANG_WARN_UNREACHABLE_CODE = YES;
				CLANG_WARN__DUPLICATE_METHOD_MATCH = YES;
				COPY_PHASE_STRIP = NO;
				DEBUG_INFORMATION_FORMAT = dwarf;
				ENABLE_STRICT_OBJC_MSGSEND = YES;
				ENABLE_TESTABILITY = YES;
				ENABLE_USER_SCRIPT_SANDBOXING = YES;
				GCC_C_LANGUAGE_STANDARD = gnu17;
				GCC_DYNAMIC_NO_PIC = NO;
				GCC_NO_COMMON_BLOCKS = YES;
				GCC_OPTIMIZATION_LEVEL = 0;
				GCC_PREPROCESSOR_DEFINITIONS = (
					"DEBUG=1",
					"$(inherited)",
				);
				GCC_WARN_64_TO_32_BIT_CONVERSION = YES;
				GCC_WARN_ABOUT_RETURN_TYPE = YES_ERROR;
				GCC_WARN_UNDECLARED_SELECTOR = YES;
				GCC_WARN_UNINITIALIZED_AUTOS = YES_AGGRESSIVE;
				GCC_WARN_UNUSED_FUNCTION = YES;
				GCC_WARN_UNUSED_VARIABLE = YES;
				IPHONEOS_DEPLOYMENT_TARGET = 17.2;
				LOCALIZATION_PREFERS_STRING_CATALOGS = YES;
				MTL_ENABLE_DEBUG_INFO = INCLUDE_SOURCE;
				MTL_FAST_MATH = YES;
				ONLY_ACTIVE_ARCH = YES;
				SDKROOT = iphoneos;
				SWIFT_ACTIVE_COMPILATION_CONDITIONS = "DEBUG $(inherited)";
				SWIFT_OPTIMIZATION_LEVEL = "-Onone";
			};
			name = Debug;
		};
		475BE0812B691D5B00E9A6A9 /* Release */ = {
			isa = XCBuildConfiguration;
			buildSettings = {
				ALWAYS_SEARCH_USER_PATHS = NO;
				ASSETCATALOG_COMPILER_GENERATE_SWIFT_ASSET_SYMBOL_EXTENSIONS = YES;
				CLANG_ANALYZER_NONNULL = YES;
				CLANG_ANALYZER_NUMBER_OBJECT_CONVERSION = YES_AGGRESSIVE;
				CLANG_CXX_LANGUAGE_STANDARD = "gnu++20";
				CLANG_ENABLE_MODULES = YES;
				CLANG_ENABLE_OBJC_ARC = YES;
				CLANG_ENABLE_OBJC_WEAK = YES;
				CLANG_WARN_BLOCK_CAPTURE_AUTORELEASING = YES;
				CLANG_WARN_BOOL_CONVERSION = YES;
				CLANG_WARN_COMMA = YES;
				CLANG_WARN_CONSTANT_CONVERSION = YES;
				CLANG_WARN_DEPRECATED_OBJC_IMPLEMENTATIONS = YES;
				CLANG_WARN_DIRECT_OBJC_ISA_USAGE = YES_ERROR;
				CLANG_WARN_DOCUMENTATION_COMMENTS = YES;
				CLANG_WARN_EMPTY_BODY = YES;
				CLANG_WARN_ENUM_CONVERSION = YES;
				CLANG_WARN_INFINITE_RECURSION = YES;
				CLANG_WARN_INT_CONVERSION = YES;
				CLANG_WARN_NON_LITERAL_NULL_CONVERSION = YES;
				CLANG_WARN_OBJC_IMPLICIT_RETAIN_SELF = YES;
				CLANG_WARN_OBJC_LITERAL_CONVERSION = YES;
				CLANG_WARN_OBJC_ROOT_CLASS = YES_ERROR;
				CLANG_WARN_QUOTED_INCLUDE_IN_FRAMEWORK_HEADER = YES;
				CLANG_WARN_RANGE_LOOP_ANALYSIS = YES;
				CLANG_WARN_STRICT_PROTOTYPES = YES;
				CLANG_WARN_SUSPICIOUS_MOVE = YES;
				CLANG_WARN_UNGUARDED_AVAILABILITY = YES_AGGRESSIVE;
				CLANG_WARN_UNREACHABLE_CODE = YES;
				CLANG_WARN__DUPLICATE_METHOD_MATCH = YES;
				COPY_PHASE_STRIP = NO;
				DEBUG_INFORMATION_FORMAT = "dwarf-with-dsym";
				ENABLE_NS_ASSERTIONS = NO;
				ENABLE_STRICT_OBJC_MSGSEND = YES;
				ENABLE_USER_SCRIPT_SANDBOXING = YES;
				GCC_C_LANGUAGE_STANDARD = gnu17;
				GCC_NO_COMMON_BLOCKS = YES;
				GCC_WARN_64_TO_32_BIT_CONVERSION = YES;
				GCC_WARN_ABOUT_RETURN_TYPE = YES_ERROR;
				GCC_WARN_UNDECLARED_SELECTOR = YES;
				GCC_WARN_UNINITIALIZED_AUTOS = YES_AGGRESSIVE;
				GCC_WARN_UNUSED_FUNCTION = YES;
				GCC_WARN_UNUSED_VARIABLE = YES;
				IPHONEOS_DEPLOYMENT_TARGET = 17.2;
				LOCALIZATION_PREFERS_STRING_CATALOGS = YES;
				MTL_ENABLE_DEBUG_INFO = NO;
				MTL_FAST_MATH = YES;
				SDKROOT = iphoneos;
				SWIFT_COMPILATION_MODE = wholemodule;
				VALIDATE_PRODUCT = YES;
			};
			name = Release;
		};
		475BE0832B691D5B00E9A6A9 /* Debug */ = {
			isa = XCBuildConfiguration;
			buildSettings = {
				ASSETCATALOG_COMPILER_APPICON_NAME = AppIcon;
				ASSETCATALOG_COMPILER_GLOBAL_ACCENT_COLOR_NAME = AccentColor;
				CODE_SIGN_STYLE = Automatic;
				CURRENT_PROJECT_VERSION = 1;
				DEVELOPMENT_TEAM = G249G7DU5T;
				GENERATE_INFOPLIST_FILE = YES;
				INFOPLIST_FILE = "My Spar/Resources/Info.plist";
				INFOPLIST_KEY_UIApplicationSupportsIndirectInputEvents = YES;
				INFOPLIST_KEY_UILaunchStoryboardName = LaunchScreen;
				INFOPLIST_KEY_UIMainStoryboardFile = "";
				INFOPLIST_KEY_UISupportedInterfaceOrientations_iPad = "UIInterfaceOrientationPortrait UIInterfaceOrientationPortraitUpsideDown UIInterfaceOrientationLandscapeLeft UIInterfaceOrientationLandscapeRight";
				INFOPLIST_KEY_UISupportedInterfaceOrientations_iPhone = "UIInterfaceOrientationPortrait UIInterfaceOrientationLandscapeLeft UIInterfaceOrientationLandscapeRight";
				IPHONEOS_DEPLOYMENT_TARGET = 17.2;
				LD_RUNPATH_SEARCH_PATHS = (
					"$(inherited)",
					"@executable_path/Frameworks",
				);
				MARKETING_VERSION = 1.0;
				PRODUCT_BUNDLE_IDENTIFIER = "Pet.My-Spar";
				PRODUCT_NAME = "$(TARGET_NAME)";
				SWIFT_EMIT_LOC_STRINGS = YES;
				SWIFT_VERSION = 5.0;
				TARGETED_DEVICE_FAMILY = "1,2";
			};
			name = Debug;
		};
		475BE0842B691D5B00E9A6A9 /* Release */ = {
			isa = XCBuildConfiguration;
			buildSettings = {
				ASSETCATALOG_COMPILER_APPICON_NAME = AppIcon;
				ASSETCATALOG_COMPILER_GLOBAL_ACCENT_COLOR_NAME = AccentColor;
				CODE_SIGN_STYLE = Automatic;
				CURRENT_PROJECT_VERSION = 1;
				DEVELOPMENT_TEAM = G249G7DU5T;
				GENERATE_INFOPLIST_FILE = YES;
				INFOPLIST_FILE = "My Spar/Resources/Info.plist";
				INFOPLIST_KEY_UIApplicationSupportsIndirectInputEvents = YES;
				INFOPLIST_KEY_UILaunchStoryboardName = LaunchScreen;
				INFOPLIST_KEY_UIMainStoryboardFile = "";
				INFOPLIST_KEY_UISupportedInterfaceOrientations_iPad = "UIInterfaceOrientationPortrait UIInterfaceOrientationPortraitUpsideDown UIInterfaceOrientationLandscapeLeft UIInterfaceOrientationLandscapeRight";
				INFOPLIST_KEY_UISupportedInterfaceOrientations_iPhone = "UIInterfaceOrientationPortrait UIInterfaceOrientationLandscapeLeft UIInterfaceOrientationLandscapeRight";
				IPHONEOS_DEPLOYMENT_TARGET = 17.2;
				LD_RUNPATH_SEARCH_PATHS = (
					"$(inherited)",
					"@executable_path/Frameworks",
				);
				MARKETING_VERSION = 1.0;
				PRODUCT_BUNDLE_IDENTIFIER = "Pet.My-Spar";
				PRODUCT_NAME = "$(TARGET_NAME)";
				SWIFT_EMIT_LOC_STRINGS = YES;
				SWIFT_VERSION = 5.0;
				TARGETED_DEVICE_FAMILY = "1,2";
			};
			name = Release;
		};
/* End XCBuildConfiguration section */

/* Begin XCConfigurationList section */
		475BE0692B691D5A00E9A6A9 /* Build configuration list for PBXProject "My Spar" */ = {
			isa = XCConfigurationList;
			buildConfigurations = (
				475BE0802B691D5B00E9A6A9 /* Debug */,
				475BE0812B691D5B00E9A6A9 /* Release */,
			);
			defaultConfigurationIsVisible = 0;
			defaultConfigurationName = Release;
		};
		475BE0822B691D5B00E9A6A9 /* Build configuration list for PBXNativeTarget "My Spar" */ = {
			isa = XCConfigurationList;
			buildConfigurations = (
				475BE0832B691D5B00E9A6A9 /* Debug */,
				475BE0842B691D5B00E9A6A9 /* Release */,
			);
			defaultConfigurationIsVisible = 0;
			defaultConfigurationName = Release;
		};
/* End XCConfigurationList section */
	};
	rootObject = 475BE0662B691D5A00E9A6A9 /* Project object */;
}
